// !$*UTF8*$!
{
	archiveVersion = 1;
	classes = {
	};
	objectVersion = 46;
	objects = {

/* Begin PBXBuildFile section */
		C927D00D74A8E66401DAB634 /* ViewController.swift in Sources */ = {isa = PBXBuildFile; fileRef = C927D89AACB6B54A0A6562DA /* ViewController.swift */; };
		C927D34684D3B07DB07583C7 /* LaunchScreen.storyboard in Resources */ = {isa = PBXBuildFile; fileRef = C927D8A9C62FA9C2EB03824A /* LaunchScreen.storyboard */; };
		C927D4F2917BCF9D7F0602FD /* Main.storyboard in Resources */ = {isa = PBXBuildFile; fileRef = C927D856FC062AEC6E2DAF0C /* Main.storyboard */; };
		C927D6BD66FA66DB598B8BAC /* Assets.xcassets in Resources */ = {isa = PBXBuildFile; fileRef = C927D9FF8703AE757FE19AE1 /* Assets.xcassets */; };
		C927D8D65857CD01E31579BB /* ReflectionView.swift in Sources */ = {isa = PBXBuildFile; fileRef = C927D76F959694A485BE3DC0 /* ReflectionView.swift */; };
		C927DDD1501B605CBE26F963 /* AppDelegate.swift in Sources */ = {isa = PBXBuildFile; fileRef = C927D3A7AF22BF13857D18B6 /* AppDelegate.swift */; };
/* End PBXBuildFile section */

/* Begin PBXFileReference section */
		C927D0155952183BCB82D588 /* Base */ = {isa = PBXFileReference; lastKnownFileType = file.storyboard; name = Base; path = Base.lproj/Main.storyboard; sourceTree = "<group>"; };
		C927D2CFDE2E4339711A0F16 /* Reflection.app */ = {isa = PBXFileReference; explicitFileType = wrapper.application; includeInIndex = 0; path = Reflection.app; sourceTree = BUILT_PRODUCTS_DIR; };
		C927D3A7AF22BF13857D18B6 /* AppDelegate.swift */ = {isa = PBXFileReference; lastKnownFileType = sourcecode.swift; path = AppDelegate.swift; sourceTree = "<group>"; };
		C927D76F959694A485BE3DC0 /* ReflectionView.swift */ = {isa = PBXFileReference; fileEncoding = 4; lastKnownFileType = sourcecode.swift; path = ReflectionView.swift; sourceTree = "<group>"; };
		C927D7A3304B14B7535D722C /* Info.plist */ = {isa = PBXFileReference; lastKnownFileType = text.plist.info; path = Info.plist; sourceTree = "<group>"; };
		C927D89AACB6B54A0A6562DA /* ViewController.swift */ = {isa = PBXFileReference; lastKnownFileType = sourcecode.swift; path = ViewController.swift; sourceTree = "<group>"; };
		C927D9FF8703AE757FE19AE1 /* Assets.xcassets */ = {isa = PBXFileReference; lastKnownFileType = folder.assetcatalog; path = Assets.xcassets; sourceTree = "<group>"; };
		C927DDD0FEF13866C9B55A0A /* Base */ = {isa = PBXFileReference; lastKnownFileType = file.storyboard; name = Base; path = Base.lproj/LaunchScreen.storyboard; sourceTree = "<group>"; };
/* End PBXFileReference section */

/* Begin PBXFrameworksBuildPhase section */
		C927D4852C62F7AE45927919 /* Frameworks */ = {
			isa = PBXFrameworksBuildPhase;
			buildActionMask = 2147483647;
			files = (
			);
			runOnlyForDeploymentPostprocessing = 0;
		};
/* End PBXFrameworksBuildPhase section */

/* Begin PBXGroup section */
		C927D16454021ECE8AE6F205 = {
			isa = PBXGroup;
			children = (
				C927DF2094A6FDF9EFDAC682 /* Products */,
				C927D48B8C3B339F75BB04D0 /* Reflection */,
			);
			sourceTree = "<group>";
		};
		C927D48B8C3B339F75BB04D0 /* Reflection */ = {
			isa = PBXGroup;
			children = (
				C927D7A3304B14B7535D722C /* Info.plist */,
				C927D9FF8703AE757FE19AE1 /* Assets.xcassets */,
				C927D8A9C62FA9C2EB03824A /* LaunchScreen.storyboard */,
				C927D3A7AF22BF13857D18B6 /* AppDelegate.swift */,
				C927D856FC062AEC6E2DAF0C /* Main.storyboard */,
				C927D89AACB6B54A0A6562DA /* ViewController.swift */,
				C927D76F959694A485BE3DC0 /* ReflectionView.swift */,
			);
			path = Reflection;
			sourceTree = "<group>";
		};
		C927DF2094A6FDF9EFDAC682 /* Products */ = {
			isa = PBXGroup;
			children = (
				C927D2CFDE2E4339711A0F16 /* Reflection.app */,
			);
			name = Products;
			sourceTree = "<group>";
		};
/* End PBXGroup section */

/* Begin PBXNativeTarget section */
		C927D12E8B9E1E9C20F1E4A6 /* Reflection */ = {
			isa = PBXNativeTarget;
			buildConfigurationList = C927DD3E6061C08FFE042D52 /* Build configuration list for PBXNativeTarget "Reflection" */;
			buildPhases = (
				C927D0DDF3B7351EE2361B77 /* Sources */,
				C927D4852C62F7AE45927919 /* Frameworks */,
				C927D4155972B44700233E21 /* Resources */,
			);
			buildRules = (
			);
			dependencies = (
			);
			name = Reflection;
			productName = Reflection;
			productReference = C927D2CFDE2E4339711A0F16 /* Reflection.app */;
			productType = "com.apple.product-type.application";
		};
/* End PBXNativeTarget section */

/* Begin PBXProject section */
		C927D120A8515A147C482922 /* Project object */ = {
			isa = PBXProject;
			attributes = {
				LastUpgradeCheck = 0820;
				ORGANIZATIONNAME = "___FULLUSERNAME___";
				TargetAttributes = {
					C927D12E8B9E1E9C20F1E4A6 = {
						DevelopmentTeam = ASY77Y47L6;
					};
				};
			};
			buildConfigurationList = C927DCD25F7816B53E54DB47 /* Build configuration list for PBXProject "Reflection" */;
			compatibilityVersion = "Xcode 3.2";
			developmentRegion = English;
			hasScannedForEncodings = 0;
			knownRegions = (
				en,
			);
			mainGroup = C927D16454021ECE8AE6F205;
			productRefGroup = C927DF2094A6FDF9EFDAC682 /* Products */;
			projectDirPath = "";
			projectRoot = "";
			targets = (
				C927D12E8B9E1E9C20F1E4A6 /* Reflection */,
			);
		};
/* End PBXProject section */

/* Begin PBXResourcesBuildPhase section */
		C927D4155972B44700233E21 /* Resources */ = {
			isa = PBXResourcesBuildPhase;
			buildActionMask = 2147483647;
			files = (
				C927D6BD66FA66DB598B8BAC /* Assets.xcassets in Resources */,
				C927D34684D3B07DB07583C7 /* LaunchScreen.storyboard in Resources */,
				C927D4F2917BCF9D7F0602FD /* Main.storyboard in Resources */,
			);
			runOnlyForDeploymentPostprocessing = 0;
		};
/* End PBXResourcesBuildPhase section */

/* Begin PBXSourcesBuildPhase section */
		C927D0DDF3B7351EE2361B77 /* Sources */ = {
			isa = PBXSourcesBuildPhase;
			buildActionMask = 2147483647;
			files = (
				C927DDD1501B605CBE26F963 /* AppDelegate.swift in Sources */,
				C927D00D74A8E66401DAB634 /* ViewController.swift in Sources */,
				C927D8D65857CD01E31579BB /* ReflectionView.swift in Sources */,
			);
			runOnlyForDeploymentPostprocessing = 0;
		};
/* End PBXSourcesBuildPhase section */

/* Begin PBXVariantGroup section */
		C927D856FC062AEC6E2DAF0C /* Main.storyboard */ = {
			isa = PBXVariantGroup;
			children = (
				C927D0155952183BCB82D588 /* Base */,
			);
			name = Main.storyboard;
			sourceTree = "<group>";
		};
		C927D8A9C62FA9C2EB03824A /* LaunchScreen.storyboard */ = {
			isa = PBXVariantGroup;
			children = (
				C927DDD0FEF13866C9B55A0A /* Base */,
			);
			name = LaunchScreen.storyboard;
			sourceTree = "<group>";
		};
/* End PBXVariantGroup section */

/* Begin XCBuildConfiguration section */
		C927D3355C0187151FEFEE31 /* Release */ = {
			isa = XCBuildConfiguration;
			buildSettings = {
				ASSETCATALOG_COMPILER_APPICON_NAME = AppIcon;
				DEVELOPMENT_TEAM = ASY77Y47L6;
				INFOPLIST_FILE = Reflection/Info.plist;
				LD_RUNPATH_SEARCH_PATHS = "$(inherited) @executable_path/Frameworks";
				PRODUCT_BUNDLE_IDENTIFIER = ruckus.Reflection;
				PRODUCT_NAME = "$(TARGET_NAME)";
				SWIFT_VERSION = 3.0;
			};
			name = Release;
		};
		C927D7738259A7862FD95F5B /* Release */ = {
			isa = XCBuildConfiguration;
			buildSettings = {
				ALWAYS_SEARCH_USER_PATHS = NO;
				CLANG_ANALYZER_NONNULL = YES;
				CLANG_CXX_LANGUAGE_STANDARD = "gnu++0x";
				CLANG_CXX_LIBRARY = "libc++";
				CLANG_ENABLE_MODULES = YES;
				CLANG_ENABLE_OBJC_ARC = YES;
				CLANG_WARN_BOOL_CONVERSION = YES;
				CLANG_WARN_CONSTANT_CONVERSION = YES;
				CLANG_WARN_DIRECT_OBJC_ISA_USAGE = YES_ERROR;
				CLANG_WARN_DOCUMENTATION_COMMENTS = YES;
				CLANG_WARN_EMPTY_BODY = YES;
				CLANG_WARN_ENUM_CONVERSION = YES;
				CLANG_WARN_INFINITE_RECURSION = YES;
				CLANG_WARN_INT_CONVERSION = YES;
				CLANG_WARN_OBJC_ROOT_CLASS = YES_ERROR;
				CLANG_WARN_SUSPICIOUS_MOVE = YES;
				CLANG_WARN_UNREACHABLE_CODE = YES;
				CLANG_WARN__DUPLICATE_METHOD_MATCH = YES;
				"CODE_SIGN_IDENTITY[sdk=iphoneos*]" = "iPhone Developer";
				COPY_PHASE_STRIP = NO;
				DEBUG_INFORMATION_FORMAT = "dwarf-with-dsym";
				ENABLE_NS_ASSERTIONS = NO;
				ENABLE_STRICT_OBJC_MSGSEND = YES;
				GCC_C_LANGUAGE_STANDARD = gnu99;
				GCC_NO_COMMON_BLOCKS = YES;
				GCC_WARN_64_TO_32_BIT_CONVERSION = YES;
				GCC_WARN_ABOUT_RETURN_TYPE = YES_ERROR;
				GCC_WARN_UNDECLARED_SELECTOR = YES;
				GCC_WARN_UNINITIALIZED_AUTOS = YES_AGGRESSIVE;
				GCC_WARN_UNUSED_FUNCTION = YES;
				GCC_WARN_UNUSED_VARIABLE = YES;
				IPHONEOS_DEPLOYMENT_TARGET = 10.2;
				MTL_ENABLE_DEBUG_INFO = NO;
				SDKROOT = iphoneos;
				SWIFT_OPTIMIZATION_LEVEL = "-Owholemodule";
				TARGETED_DEVICE_FAMILY = "1,2";
				VALIDATE_PRODUCT = YES;
			};
			name = Release;
		};
		C927D7907FA9236E3A4D7199 /* Debug */ = {
			isa = XCBuildConfiguration;
			buildSettings = {
				ASSETCATALOG_COMPILER_APPICON_NAME = AppIcon;
				DEVELOPMENT_TEAM = ASY77Y47L6;
				INFOPLIST_FILE = Reflection/Info.plist;
				LD_RUNPATH_SEARCH_PATHS = "$(inherited) @executable_path/Frameworks";
				PRODUCT_BUNDLE_IDENTIFIER = ruckus.Reflection;
				PRODUCT_NAME = "$(TARGET_NAME)";
				SWIFT_VERSION = 3.0;
			};
			name = Debug;
		};
		C927DBEDC5B884EC40C1EBDF /* Debug */ = {
			isa = XCBuildConfiguration;
			buildSettings = {
				ALWAYS_SEARCH_USER_PATHS = NO;
				CLANG_ANALYZER_NONNULL = YES;
				CLANG_CXX_LANGUAGE_STANDARD = "gnu++0x";
				CLANG_CXX_LIBRARY = "libc++";
				CLANG_ENABLE_MODULES = YES;
				CLANG_ENABLE_OBJC_ARC = YES;
				CLANG_WARN_BOOL_CONVERSION = YES;
				CLANG_WARN_CONSTANT_CONVERSION = YES;
				CLANG_WARN_DIRECT_OBJC_ISA_USAGE = YES_ERROR;
				CLANG_WARN_DOCUMENTATION_COMMENTS = YES;
				CLANG_WARN_EMPTY_BODY = YES;
				CLANG_WARN_ENUM_CONVERSION = YES;
				CLANG_WARN_INFINITE_RECURSION = YES;
				CLANG_WARN_INT_CONVERSION = YES;
				CLANG_WARN_OBJC_ROOT_CLASS = YES_ERROR;
				CLANG_WARN_SUSPICIOUS_MOVE = YES;
				CLANG_WARN_UNREACHABLE_CODE = YES;
				CLANG_WARN__DUPLICATE_METHOD_MATCH = YES;
				"CODE_SIGN_IDENTITY[sdk=iphoneos*]" = "iPhone Developer";
				COPY_PHASE_STRIP = NO;
				DEBUG_INFORMATION_FORMAT = dwarf;
				ENABLE_STRICT_OBJC_MSGSEND = YES;
				ENABLE_TESTABILITY = YES;
				GCC_C_LANGUAGE_STANDARD = gnu99;
				GCC_DYNAMIC_NO_PIC = NO;
				GCC_NO_COMMON_BLOCKS = YES;
				GCC_OPTIMIZATION_LEVEL = 0;
				GCC_PREPROCESSOR_DEFINITIONS = (
					"DEBUG=1",
					"$(inherited)",
				);
				GCC_WARN_64_TO_32_BIT_CONVERSION = YES;
				GCC_WARN_ABOUT_RETURN_TYPE = YES_ERROR;
				GCC_WARN_UNDECLARED_SELECTOR = YES;
				GCC_WARN_UNINITIALIZED_AUTOS = YES_AGGRESSIVE;
				GCC_WARN_UNUSED_FUNCTION = YES;
				GCC_WARN_UNUSED_VARIABLE = YES;
				IPHONEOS_DEPLOYMENT_TARGET = 10.2;
				MTL_ENABLE_DEBUG_INFO = YES;
				ONLY_ACTIVE_ARCH = YES;
				SDKROOT = iphoneos;
				SWIFT_ACTIVE_COMPILATION_CONDITIONS = DEBUG;
				SWIFT_OPTIMIZATION_LEVEL = "-Onone";
				TARGETED_DEVICE_FAMILY = "1,2";
			};
			name = Debug;
		};
/* End XCBuildConfiguration section */

/* Begin XCConfigurationList section */
		C927DCD25F7816B53E54DB47 /* Build configuration list for PBXProject "Reflection" */ = {
			isa = XCConfigurationList;
			buildConfigurations = (
				C927DBEDC5B884EC40C1EBDF /* Debug */,
				C927D7738259A7862FD95F5B /* Release */,
			);
			defaultConfigurationIsVisible = 0;
			defaultConfigurationName = Release;
		};
		C927DD3E6061C08FFE042D52 /* Build configuration list for PBXNativeTarget "Reflection" */ = {
			isa = XCConfigurationList;
			buildConfigurations = (
				C927D7907FA9236E3A4D7199 /* Debug */,
				C927D3355C0187151FEFEE31 /* Release */,
			);
			defaultConfigurationIsVisible = 0;
			defaultConfigurationName = Release;
		};
/* End XCConfigurationList section */
	};
	rootObject = C927D120A8515A147C482922 /* Project object */;
}
